
Microsoft Visual Studio Solution File, Format Version 12.00
# Visual Studio 2015
Project("{FAE04EC0-301F-11D3-BF4B-00C04F79EFBC}") = "2D-SPACE-SHOOT-master.CSharp", "2D-SPACE-SHOOT-master.CSharp.csproj", "{1C842C46-00D5-62D3-E931-5945B942AAF0}"
EndProject
Global
	GlobalSection(SolutionConfigurationPlatforms) = preSolution
		Debug|Any CPU = Debug|Any CPU
		Release|Any CPU = Release|Any CPU
	EndGlobalSection
	GlobalSection(ProjectConfigurationPlatforms) = postSolution
		{1C842C46-00D5-62D3-E931-5945B942AAF0}.Debug|Any CPU.ActiveCfg = Debug|Any CPU
		{1C842C46-00D5-62D3-E931-5945B942AAF0}.Debug|Any CPU.Build.0 = Debug|Any CPU
		{1C842C46-00D5-62D3-E931-5945B942AAF0}.Release|Any CPU.ActiveCfg = Release|Any CPU
		{1C842C46-00D5-62D3-E931-5945B942AAF0}.Release|Any CPU.Build.0 = Release|Any CPU
	EndGlobalSection
	GlobalSection(SolutionProperties) = preSolution
		HideSolutionNode = FALSE
	EndGlobalSection
EndGlobal
